
Microsoft Visual Studio Solution File, Format Version 12.00
# Visual Studio Version 17
VisualStudioVersion = 17.0.31616.459
MinimumVisualStudioVersion = 10.0.40219.1
Project("{9A19103F-16F7-4668-BE54-9A1E7A4F7556}") = "angularrc1stopapplication", "angularrc1stopapplication.csproj", "{C46A3BA6-5E3A-42C1-87BF-8DD082C5E963}"
EndProject
Global
	GlobalSection(SolutionConfigurationPlatforms) = preSolution
		Debug|Any CPU = Debug|Any CPU
		Release|Any CPU = Release|Any CPU
	EndGlobalSection
	GlobalSection(ProjectConfigurationPlatforms) = postSolution
		{C46A3BA6-5E3A-42C1-87BF-8DD082C5E963}.Debug|Any CPU.ActiveCfg = Debug|Any CPU
		{C46A3BA6-5E3A-42C1-87BF-8DD082C5E963}.Debug|Any CPU.Build.0 = Debug|Any CPU
		{C46A3BA6-5E3A-42C1-87BF-8DD082C5E963}.Release|Any CPU.ActiveCfg = Release|Any CPU
		{C46A3BA6-5E3A-42C1-87BF-8DD082C5E963}.Release|Any CPU.Build.0 = Release|Any CPU
	EndGlobalSection
	GlobalSection(SolutionProperties) = preSolution
		HideSolutionNode = FALSE
	EndGlobalSection
	GlobalSection(ExtensibilityGlobals) = postSolution
		SolutionGuid = {C6EC6BD6-1469-4C5C-BD29-E36D757F34C6}
	EndGlobalSection
EndGlobal
